
Microsoft Visual Studio Solution File, Format Version 12.00
# Visual Studio 15
VisualStudioVersion = 15.0.26228.9
MinimumVisualStudioVersion = 10.0.40219.1
Project("{FAE04EC0-301F-11D3-BF4B-00C04F79EFBC}") = "UrlRewrite.AspNet", "UrlRewrite.AspNet\UrlRewrite.AspNet.csproj", "{D7F94FD6-B4B6-4EE3-8BDC-17202E7F8444}"
EndProject
Global
	GlobalSection(SolutionConfigurationPlatforms) = preSolution
		Debug|Any CPU = Debug|Any CPU
		Release|Any CPU = Release|Any CPU
	EndGlobalSection
	GlobalSection(ProjectConfigurationPlatforms) = postSolution
		{D7F94FD6-B4B6-4EE3-8BDC-17202E7F8444}.Debug|Any CPU.ActiveCfg = Debug|Any CPU
		{D7F94FD6-B4B6-4EE3-8BDC-17202E7F8444}.Debug|Any CPU.Build.0 = Debug|Any CPU
		{D7F94FD6-B4B6-4EE3-8BDC-17202E7F8444}.Release|Any CPU.ActiveCfg = Release|Any CPU
		{D7F94FD6-B4B6-4EE3-8BDC-17202E7F8444}.Release|Any CPU.Build.0 = Release|Any CPU
	EndGlobalSection
	GlobalSection(SolutionProperties) = preSolution
		HideSolutionNode = FALSE
	EndGlobalSection
EndGlobal
